accelerate==1.15.0
aiohappyeyeballs==2.7.1
aiohttp==3.14.4
aiosignal==1.4.0
annotated-doc==0.0.5
annotated-types==0.8.0
anyio==4.15.1
attrs==26.1.0
bitsandbytes==0.50.2
certifi==2026.7.22
charset-normalizer==3.5.2
click==8.5.0
compressed-tensors==0.17.0
cuda-bindings==13.4.3
cuda-pathfinder==1.8.3
cuda-toolkit==13.0.3.0
datasets==5.0.1
dill==0.4.1
filelock==4.0.12
frozenlist==1.8.0
fsspec==2026.6.0
h11==0.16.0
hf-xet==1.6.0
hs-connectors @ file:///home/heck2/sbhansali8/SpecTLM/artifacts/speculators_source_20261005/hs_connectors
httpcore==1.0.9
httpcore2==2.13.1
httpx==0.28.1
httpx2==2.13.1
huggingface_hub==1.33.0
idna==3.20
Jinja2==3.1.6
jiter==0.17.0
loguru==0.7.3
markdown-it-py==4.2.0
MarkupSafe==3.0.4
mdurl==0.1.2
mpmath==1.3.0
multidict==6.9.1
multiprocess==0.70.19
networkx==3.6.1
numpy==2.4.6
nvidia-cublas==13.1.1.3
nvidia-cuda-cupti==13.0.85
nvidia-cuda-nvrtc==13.0.88
nvidia-cuda-runtime==13.0.96
nvidia-cudnn-cu13==9.20.0.48
nvidia-cufft==12.0.0.61
nvidia-cufile==1.15.1.6
nvidia-curand==10.4.0.35
nvidia-cusolver==12.0.4.66
nvidia-cusparse==12.6.3.3
nvidia-cusparselt-cu13==0.8.1
nvidia-nccl-cu13==2.29.7
nvidia-nvjitlink==13.4.92
nvidia-nvshmem-cu13==3.4.5
nvidia-nvtx==13.0.85
openai==3.24.0
packaging==26.3
pandas==3.0.6
peft==0.21.2
pillow==12.3.0
propcache==0.5.4
protobuf==7.36.2
psutil==7.2.2
pyarrow==25.0.1
pydantic==2.13.5
pydantic-settings==2.15.0
pydantic_core==2.46.5
Pygments==2.21.0
python-dateutil==2.9.0.post0
python-dotenv==1.2.4
PyYAML==6.0.3
regex==2026.9.29
requests==2.34.2
rich==15.0.0
safetensors==0.8.0
shellingham==1.5.4
six==1.17.0
sniffio==1.3.1
speculators @ file:///home/heck2/sbhansali8/SpecTLM/artifacts/speculators_source_20261005
sympy==1.14.0
tokenizers==0.23.2
torch==2.13.0
torchaudio==2.11.0
torchvision==0.28.0
tqdm==4.70.0
transformers==5.16.1
triton==3.7.1
truststore==0.10.4
typer==0.27.2
typing-inspection==0.4.4
typing_extensions==4.16.0
urllib3==2.8.0
xxhash==4.0.1
yarl==1.25.1
